# THIS IS AN AUTOGENERATED FILE. DO NOT EDIT THIS FILE DIRECTLY.
# yarn lockfile v1


"@axe-core/playwright@^4.8.1":
  version "4.8.1"
  resolved "https://registry.npmjs.org/@axe-core/playwright/-/playwright-4.8.1.tgz"
  integrity sha512-KC1X++UdRAwMLRvB+BIKFheyLHUnbJTL0t0Wbv6TJMozn2V2QyEtAcN6jyUiudtGiLUGhHCtj/eWorBnVZ4dAA==
  dependencies:
    axe-core "~4.8.2"

"@playwright/test@^1.40.0":
  version "1.40.0"
  resolved "https://registry.npmjs.org/@playwright/test/-/test-1.40.0.tgz"
  integrity sha512-PdW+kn4eV99iP5gxWNSDQCbhMaDVej+RXL5xr6t04nbKLCBwYtA046t7ofoczHOm8u6c+45hpDKQVZqtqwkeQg==
  dependencies:
    playwright "1.40.0"

"@types/node@^20.10.0":
  version "20.10.0"
  resolved "https://registry.npmjs.org/@types/node/-/node-20.10.0.tgz"
  integrity sha512-D0WfRmU9TQ8I9PFx9Yc+EBHw+vSpIub4IDvQivcp26PtPrdMGAq5SDcpXEo/epqa/DXotVpekHiLNTg3iaKXBQ==
  dependencies:
    undici-types "~5.26.4"

axe-core@~4.8.2:
  version "4.8.2"
  resolved "https://registry.npmjs.org/axe-core/-/axe-core-4.8.2.tgz"
  integrity sha512-/dlp0fxyM3R8YW7MFzaHWXrf4zzbr0vaYb23VBFCl83R7nWNPg/yaQw2Dc8jzCMmDVLhSdzH8MjrsuIUuvX+6g==

fsevents@2.3.2:
  version "2.3.2"
  resolved "https://registry.npmjs.org/fsevents/-/fsevents-2.3.2.tgz"
  integrity sha512-xiqMQR4xAeHTuB9uWm+fFRcIOgKBMiOBP+eXiyT7jsgVCq1bkVygt00oASowB7EdtpOHaaPgKt812P9ab+DDKA==

lodash@^4.17.21:
  version "4.17.21"
  resolved "https://registry.npmjs.org/lodash/-/lodash-4.17.21.tgz"
  integrity sha512-v2kDEe57lecTulaDIuNTPy3Ry4gLGJ6Z1O3vE1krgXZNrsQ+LFTGHVxVjcXPs17LhbZVGedAJv8XZ1tvj5FvSg==

playwright-core@1.40.0:
  version "1.40.0"
  resolved "https://registry.npmjs.org/playwright-core/-/playwright-core-1.40.0.tgz"
  integrity sha512-fvKewVJpGeca8t0ipM56jkVSU6Eo0RmFvQ/MaCQNDYm+sdvKkMBBWTE1FdeMqIdumRaXXjZChWHvIzCGM/tA/Q==

playwright@1.40.0:
  version "1.40.0"
  resolved "https://registry.npmjs.org/playwright/-/playwright-1.40.0.tgz"
  integrity sha512-gyHAgQjiDf1m34Xpwzaqb76KgfzYrhK7iih+2IzcOCoZWr/8ZqmdBw+t0RU85ZmfJMgtgAiNtBQ/KS2325INXw==
  dependencies:
    playwright-core "1.40.0"
  optionalDependencies:
    fsevents "2.3.2"

prettier@3.1.0:
  version "3.1.0"
  resolved "https://registry.yarnpkg.com/prettier/-/prettier-3.1.0.tgz#c6d16474a5f764ea1a4a373c593b779697744d5e"
  integrity sha512-TQLvXjq5IAibjh8EpBIkNKxO749UEWABoiIZehEPiY4GNpVdhaFKqSTu+QrlU6D2dPAfubRmtJTi4K4YkQ5eXw==

undici-types@~5.26.4:
  version "5.26.5"
  resolved "https://registry.npmjs.org/undici-types/-/undici-types-5.26.5.tgz"
  integrity sha512-JlCMO+ehdEIKqlFxk6IfVoAUVmgz7cU7zD/h9XZ0qzeosSHmUJVOzSQvvYSYWXkFXC+IfLKSIffhv0sVZup6pA==
